{
  "lockfileVersion": 1,
  "configVersion": 1,
  "workspaces": {
    "": {
      "name": "qai",
      "devDependencies": {
        "@tsconfig/bun": "1.0.9",
        "@types/node": "22.13.9",
        "husky": "9.1.7",
        "prettier": "3.6.2",
        "turbo": "2.5.6",
        "typescript": "5.8.2",
      },
    },
    "packages/qai": {
      "name": "@qai/core",
      "version": "0.0.1",
      "bin": {
        "qai": "./src/index.ts",
      },
      "dependencies": {
        "@ai-sdk/anthropic": "1.2.12",
        "@ai-sdk/google": "1.2.18",
        "@ai-sdk/openai": "1.3.22",
        "ai": "4.3.16",
        "hono": "4.10.7",
        "zod": "3.24.2",
      },
      "devDependencies": {
        "@tsconfig/bun": "1.0.9",
        "@types/bun": "1.3.9",
        "typescript": "5.8.2",
      },
    },
  },
  "packages": {
    "@ai-sdk/anthropic": ["@ai-sdk/anthropic@1.2.12", "", { "dependencies": { "@ai-sdk/provider": "1.1.3", "@ai-sdk/provider-utils": "2.2.8" }, "peerDependencies": { "zod": "^3.0.0" } }, "sha512-YSzjlko7JvuiyQFmI9RN1tNZdEiZxc+6xld/0tq/VkJaHpEzGAb1yiNxxvmYVcjvfu/PcvCxAAYXmTYQQ63IHQ=="],

    "@ai-sdk/google": ["@ai-sdk/google@1.2.18", "", { "dependencies": { "@ai-sdk/provider": "1.1.3", "@ai-sdk/provider-utils": "2.2.8" }, "peerDependencies": { "zod": "^3.0.0" } }, "sha512-8B70+i+uB12Ae6Sn6B9Oc6W0W/XorGgc88Nx0pyUrcxFOdytHBaAVhTPqYsO3LLClfjYN8pQ9GMxd5cpGEnUcA=="],

    "@ai-sdk/openai": ["@ai-sdk/openai@1.3.22", "", { "dependencies": { "@ai-sdk/provider": "1.1.3", "@ai-sdk/provider-utils": "2.2.8" }, "peerDependencies": { "zod": "^3.0.0" } }, "sha512-QwA+2EkG0QyjVR+7h6FE7iOu2ivNqAVMm9UJZkVxxTk5OIq5fFJDTEI/zICEMuHImTTXR2JjsL6EirJ28Jc4cw=="],

    "@ai-sdk/provider": ["@ai-sdk/provider@1.1.3", "", { "dependencies": { "json-schema": "^0.4.0" } }, "sha512-qZMxYJ0qqX/RfnuIaab+zp8UAeJn/ygXXAffR5I4N0n1IrvA6qBsjc8hXLmBiMV2zoXlifkacF7sEFnYnjBcqg=="],

    "@ai-sdk/provider-utils": ["@ai-sdk/provider-utils@2.2.8", "", { "dependencies": { "@ai-sdk/provider": "1.1.3", "nanoid": "^3.3.8", "secure-json-parse": "^2.7.0" }, "peerDependencies": { "zod": "^3.23.8" } }, "sha512-fqhG+4sCVv8x7nFzYnFo19ryhAa3w096Kmc3hWxMQfW/TubPOmt3A6tYZhl4mUfQWWQMsuSkLrtjlWuXBVSGQA=="],

    "@ai-sdk/react": ["@ai-sdk/react@1.2.12", "", { "dependencies": { "@ai-sdk/provider-utils": "2.2.8", "@ai-sdk/ui-utils": "1.2.11", "swr": "^2.2.5", "throttleit": "2.1.0" }, "peerDependencies": { "react": "^18 || ^19 || ^19.0.0-rc", "zod": "^3.23.8" }, "optionalPeers": ["zod"] }, "sha512-jK1IZZ22evPZoQW3vlkZ7wvjYGYF+tRBKXtrcolduIkQ/m/sOAVcVeVDUDvh1T91xCnWCdUGCPZg2avZ90mv3g=="],

    "@ai-sdk/ui-utils": ["@ai-sdk/ui-utils@1.2.11", "", { "dependencies": { "@ai-sdk/provider": "1.1.3", "@ai-sdk/provider-utils": "2.2.8", "zod-to-json-schema": "^3.24.1" }, "peerDependencies": { "zod": "^3.23.8" } }, "sha512-3zcwCc8ezzFlwp3ZD15wAPjf2Au4s3vAbKsXQVyhxODHcmu0iyPO2Eua6D/vicq/AUm/BAo60r97O6HU+EI0+w=="],

    "@opentelemetry/api": ["@opentelemetry/api@1.9.0", "", {}, "sha512-3giAOQvZiH5F9bMlMiv8+GSPMeqg0dbaeo58/0SlA9sxSqZhnUtxzX9/2FzyhS9sWQf5S0GJE0AKBrFqjpeYcg=="],

    "@qai/core": ["@qai/core@workspace:packages/qai"],

    "@tsconfig/bun": ["@tsconfig/bun@1.0.9", "", {}, "sha512-4M0/Ivfwcpz325z6CwSifOBZYji3DFOEpY6zEUt0+Xi2qRhzwvmqQN9XAHJh3OVvRJuAqVTLU2abdCplvp6mwQ=="],

    "@types/bun": ["@types/bun@1.3.9", "", { "dependencies": { "bun-types": "1.3.9" } }, "sha512-KQ571yULOdWJiMH+RIWIOZ7B2RXQGpL1YQrBtLIV3FqDcCu6FsbFUBwhdKUlCKUpS3PJDsHlJ1QKlpxoVR+xtw=="],

    "@types/diff-match-patch": ["@types/diff-match-patch@1.0.36", "", {}, "sha512-xFdR6tkm0MWvBfO8xXCSsinYxHcqkQUlcHeSpMC2ukzOb6lwQAfDmW+Qt0AvlGd8HpsS28qKsB+oPeJn9I39jg=="],

    "@types/node": ["@types/node@22.13.9", "", { "dependencies": { "undici-types": "~6.20.0" } }, "sha512-acBjXdRJ3A6Pb3tqnw9HZmyR3Fiol3aGxRCK1x3d+6CDAMjl7I649wpSd+yNURCjbOUGu9tqtLKnTGxmK6CyGw=="],

    "ai": ["ai@4.3.16", "", { "dependencies": { "@ai-sdk/provider": "1.1.3", "@ai-sdk/provider-utils": "2.2.8", "@ai-sdk/react": "1.2.12", "@ai-sdk/ui-utils": "1.2.11", "@opentelemetry/api": "1.9.0", "jsondiffpatch": "0.6.0" }, "peerDependencies": { "react": "^18 || ^19 || ^19.0.0-rc", "zod": "^3.23.8" }, "optionalPeers": ["react"] }, "sha512-KUDwlThJ5tr2Vw0A1ZkbDKNME3wzWhuVfAOwIvFUzl1TPVDFAXDFTXio3p+jaKneB+dKNCvFFlolYmmgHttG1g=="],

    "bun-types": ["bun-types@1.3.9", "", { "dependencies": { "@types/node": "*" } }, "sha512-+UBWWOakIP4Tswh0Bt0QD0alpTY8cb5hvgiYeWCMet9YukHbzuruIEeXC2D7nMJPB12kbh8C7XJykSexEqGKJg=="],

    "chalk": ["chalk@5.6.2", "", {}, "sha512-7NzBL0rN6fMUW+f7A6Io4h40qQlG+xGmtMxfbnH/K7TAtt8JQWVQK+6g0UXKMeVJoyV5EkkNsErQ8pVD3bLHbA=="],

    "dequal": ["dequal@2.0.3", "", {}, "sha512-0je+qPKHEMohvfRTCEo3CrPG6cAzAYgmzKyxRiYSSDkS6eGJdyVJm7WaYA5ECaAD9wLB2T4EEeymA5aFVcYXCA=="],

    "diff-match-patch": ["diff-match-patch@1.0.5", "", {}, "sha512-IayShXAgj/QMXgB0IWmKx+rOPuGMhqm5w6jvFxmVenXKIzRqTAAsbBPT3kWQeGANj3jGgvcvv4yK6SxqYmikgw=="],

    "hono": ["hono@4.10.7", "", {}, "sha512-icXIITfw/07Q88nLSkB9aiUrd8rYzSweK681Kjo/TSggaGbOX4RRyxxm71v+3PC8C/j+4rlxGeoTRxQDkaJkUw=="],

    "husky": ["husky@9.1.7", "", { "bin": { "husky": "bin.js" } }, "sha512-5gs5ytaNjBrh5Ow3zrvdUUY+0VxIuWVL4i9irt6friV+BqdCfmV11CQTWMiBYWHbXhco+J1kHfTOUkePhCDvMA=="],

    "json-schema": ["json-schema@0.4.0", "", {}, "sha512-es94M3nTIfsEPisRafak+HDLfHXnKBhV3vU5eqPcS3flIWqcxJWgXHXiey3YrpaNsanY5ei1VoYEbOzijuq9BA=="],

    "jsondiffpatch": ["jsondiffpatch@0.6.0", "", { "dependencies": { "@types/diff-match-patch": "^1.0.36", "chalk": "^5.3.0", "diff-match-patch": "^1.0.5" }, "bin": { "jsondiffpatch": "bin/jsondiffpatch.js" } }, "sha512-3QItJOXp2AP1uv7waBkao5nCvhEv+QmJAd38Ybq7wNI74Q+BBmnLn4EDKz6yI9xGAIQoUF87qHt+kc1IVxB4zQ=="],

    "nanoid": ["nanoid@3.3.11", "", { "bin": { "nanoid": "bin/nanoid.cjs" } }, "sha512-N8SpfPUnUp1bK+PMYW8qSWdl9U+wwNWI4QKxOYDy9JAro3WMX7p2OeVRF9v+347pnakNevPmiHhNmZ2HbFA76w=="],

    "prettier": ["prettier@3.6.2", "", { "bin": { "prettier": "bin/prettier.cjs" } }, "sha512-I7AIg5boAr5R0FFtJ6rCfD+LFsWHp81dolrFD8S79U9tb8Az2nGrJncnMSnys+bpQJfRUzqs9hnA81OAA3hCuQ=="],

    "react": ["react@19.2.5", "", {}, "sha512-llUJLzz1zTUBrskt2pwZgLq59AemifIftw4aB7JxOqf1HY2FDaGDxgwpAPVzHU1kdWabH7FauP4i1oEeer2WCA=="],

    "secure-json-parse": ["secure-json-parse@2.7.0", "", {}, "sha512-6aU+Rwsezw7VR8/nyvKTx8QpWH9FrcYiXXlqC4z5d5XQBDRqtbfsRjnwGyqbi3gddNtWHuEk9OANUotL26qKUw=="],

    "swr": ["swr@2.4.1", "", { "dependencies": { "dequal": "^2.0.3", "use-sync-external-store": "^1.6.0" }, "peerDependencies": { "react": "^16.11.0 || ^17.0.0 || ^18.0.0 || ^19.0.0" } }, "sha512-2CC6CiKQtEwaEeNiqWTAw9PGykW8SR5zZX8MZk6TeAvEAnVS7Visz8WzphqgtQ8v2xz/4Q5K+j+SeMaKXeeQIA=="],

    "throttleit": ["throttleit@2.1.0", "", {}, "sha512-nt6AMGKW1p/70DF/hGBdJB57B8Tspmbp5gfJ8ilhLnt7kkr2ye7hzD6NVG8GGErk2HWF34igrL2CXmNIkzKqKw=="],

    "turbo": ["turbo@2.5.6", "", { "optionalDependencies": { "turbo-darwin-64": "2.5.6", "turbo-darwin-arm64": "2.5.6", "turbo-linux-64": "2.5.6", "turbo-linux-arm64": "2.5.6", "turbo-windows-64": "2.5.6", "turbo-windows-arm64": "2.5.6" }, "bin": { "turbo": "bin/turbo" } }, "sha512-gxToHmi9oTBNB05UjUsrWf0OyN5ZXtD0apOarC1KIx232Vp3WimRNy3810QzeNSgyD5rsaIDXlxlbnOzlouo+w=="],

    "turbo-darwin-64": ["turbo-darwin-64@2.5.6", "", { "os": "darwin", "cpu": "x64" }, "sha512-3C1xEdo4aFwMJAPvtlPqz1Sw/+cddWIOmsalHFMrsqqydcptwBfu26WW2cDm3u93bUzMbBJ8k3zNKFqxJ9ei2A=="],

    "turbo-darwin-arm64": ["turbo-darwin-arm64@2.5.6", "", { "os": "darwin", "cpu": "arm64" }, "sha512-LyiG+rD7JhMfYwLqB6k3LZQtYn8CQQUePbpA8mF/hMLPAekXdJo1g0bUPw8RZLwQXUIU/3BU7tXENvhSGz5DPA=="],

    "turbo-linux-64": ["turbo-linux-64@2.5.6", "", { "os": "linux", "cpu": "x64" }, "sha512-GOcUTT0xiT/pSnHL4YD6Yr3HreUhU8pUcGqcI2ksIF9b2/r/kRHwGFcsHgpG3+vtZF/kwsP0MV8FTlTObxsYIA=="],

    "turbo-linux-arm64": ["turbo-linux-arm64@2.5.6", "", { "os": "linux", "cpu": "arm64" }, "sha512-10Tm15bruJEA3m0V7iZcnQBpObGBcOgUcO+sY7/2vk1bweW34LMhkWi8svjV9iDF68+KJDThnYDlYE/bc7/zzQ=="],

    "turbo-windows-64": ["turbo-windows-64@2.5.6", "", { "os": "win32", "cpu": "x64" }, "sha512-FyRsVpgaj76It0ludwZsNN40ytHN+17E4PFJyeliBEbxrGTc5BexlXVpufB7XlAaoaZVxbS6KT8RofLfDRyEPg=="],

    "turbo-windows-arm64": ["turbo-windows-arm64@2.5.6", "", { "os": "win32", "cpu": "arm64" }, "sha512-j/tWu8cMeQ7HPpKri6jvKtyXg9K1gRyhdK4tKrrchH8GNHscPX/F71zax58yYtLRWTiK04zNzPcUJuoS0+v/+Q=="],

    "typescript": ["typescript@5.8.2", "", { "bin": { "tsc": "bin/tsc", "tsserver": "bin/tsserver" } }, "sha512-aJn6wq13/afZp/jT9QZmwEjDqqvSGp1VT5GVg+f/t6/oVyrgXM6BY1h9BRh/O5p3PlUPAe+WuiEZOmb/49RqoQ=="],

    "undici-types": ["undici-types@6.20.0", "", {}, "sha512-Ny6QZ2Nju20vw1SRHe3d9jVu6gJ+4e3+MMpqu7pqE5HT6WsTSlce++GQmK5UXS8mzV8DSYHrQH+Xrf2jVcuKNg=="],

    "use-sync-external-store": ["use-sync-external-store@1.6.0", "", { "peerDependencies": { "react": "^16.8.0 || ^17.0.0 || ^18.0.0 || ^19.0.0" } }, "sha512-Pp6GSwGP/NrPIrxVFAIkOQeyw8lFenOHijQWkUTrDvrF4ALqylP2C/KCkeS9dpUM3KvYRQhna5vt7IL95+ZQ9w=="],

    "zod": ["zod@3.24.2", "", {}, "sha512-lY7CDW43ECgW9u1TcT3IoXHflywfVqDYze4waEz812jR/bZ8FHDsl7pFQoSZTz5N+2NqRXs8GBwnAwo3ZNxqhQ=="],

    "zod-to-json-schema": ["zod-to-json-schema@3.25.2", "", { "peerDependencies": { "zod": "^3.25.28 || ^4" } }, "sha512-O/PgfnpT1xKSDeQYSCfRI5Gy3hPf91mKVDuYLUHZJMiDFptvP41MSnWofm8dnCm0256ZNfZIM7DSzuSMAFnjHA=="],

    "zod-to-json-schema/zod": ["zod@4.1.8", "", {}, "sha512-5R1P+WwQqmmMIEACyzSvo4JXHY5WiAFHRMg+zBZKgKS+Q1viRa0C1hmUKtHltoIFKtIdki3pRxkmpP74jnNYHQ=="],
  }
}
